
Microsoft Visual Studio Solution File, Format Version 12.00
# Visual Studio Version 16
VisualStudioVersion = 16.0.29905.134
MinimumVisualStudioVersion = 10.0.40219.1
Project("{FAE04EC0-301F-11D3-BF4B-00C04F79EFBC}") = "NESS.Entrevisa.Agendamento", "NESS.Entrevisa.Agendamento\NESS.Entrevisa.Agendamento.csproj", "{C6DE2418-CBFA-4834-89A6-3521E52F2247}"
EndProject
Global
	GlobalSection(SolutionConfigurationPlatforms) = preSolution
		Debug|Any CPU = Debug|Any CPU
		Release|Any CPU = Release|Any CPU
	EndGlobalSection
	GlobalSection(ProjectConfigurationPlatforms) = postSolution
		{C6DE2418-CBFA-4834-89A6-3521E52F2247}.Debug|Any CPU.ActiveCfg = Debug|Any CPU
		{C6DE2418-CBFA-4834-89A6-3521E52F2247}.Debug|Any CPU.Build.0 = Debug|Any CPU
		{C6DE2418-CBFA-4834-89A6-3521E52F2247}.Release|Any CPU.ActiveCfg = Release|Any CPU
		{C6DE2418-CBFA-4834-89A6-3521E52F2247}.Release|Any CPU.Build.0 = Release|Any CPU
	EndGlobalSection
	GlobalSection(SolutionProperties) = preSolution
		HideSolutionNode = FALSE
	EndGlobalSection
	GlobalSection(ExtensibilityGlobals) = postSolution
		SolutionGuid = {99565B35-2550-4B2D-AC25-C58C2601F1B0}
	EndGlobalSection
EndGlobal
